github.com/nalgeon/be v0.3.0 h1:QsPANqEtcOD5qT2S3KAtIkDBBn8SXUf/Lb5Bi/z4UqM=
github.com/nalgeon/be v0.3.0/go.mod h1:PMwMuBLopwKJkSHnr2qHyLcZYUTqNejN7A8RAqNWO3E=
solod.dev v0.0.0-20260430203413-8c63f27546bf h1:EbWFoq7akMn7DuLfwsov0M2uqBptGxA5ncgwhqgvXnI=
solod.dev v0.0.0-20260430203413-8c63f27546bf/go.mod h1:F8sRRT/id2KwekSYlEjE63QLLQawzYaMgpKq75Yl3Hg=
solod.dev v0.1.0 h1:ANaIMwyZ7lv4A/GJ6Yo32XXRnbaQzTJMK+h4m4RLH1A=
solod.dev v0.1.0/go.mod h1:F8sRRT/id2KwekSYlEjE63QLLQawzYaMgpKq75Yl3Hg=
