github.com/nalgeon/be v0.3.0 h1:QsPANqEtcOD5qT2S3KAtIkDBBn8SXUf/Lb5Bi/z4UqM=
github.com/nalgeon/be v0.3.0/go.mod h1:PMwMuBLopwKJkSHnr2qHyLcZYUTqNejN7A8RAqNWO3E=
solod.dev v0.3.1-0.20260820161848-6118636840f7 h1:L8rdUmcMNamiom2FcXOQ1ON5brgrBxkCmQAbfNO085E=
solod.dev v0.3.1-0.20260820161848-6118636840f7/go.mod h1:IcrKo8QZj1icAvQAY9y+bMOzKRTO+tPSCCrSFCLUInI=
